{
  "requires": true,
  "lockfileVersion": 1,
  "dependencies": {
    "random-js": {
      "version": "2.0.0",
      "resolved": "https://registry.npmjs.org/random-js/-/random-js-2.0.0.tgz",
      "integrity": "sha512-7+LxCZeEcI2/uVM1TCYVj834QupkIu9XygTnXaGOqNr5qbdpCOw8+3x8D4itOID0DmQAGLX5vtvlSnSvi+trGQ=="
    }
  }
}
